// !$*UTF8*$!
{
	archiveVersion = 1;
	classes = {
	};
	objectVersion = 55;
	objects = {

/* Begin PBXBuildFile section */
		A50C1DEA2899B492007E8656 /* Resolver in Frameworks */ = {isa = PBXBuildFile; productRef = A50C1DE92899B492007E8656 /* Resolver */; };
		A50C1DEC2899B4BD007E8656 /* AppResolver.swift in Sources */ = {isa = PBXBuildFile; fileRef = A50C1DEB2899B4BD007E8656 /* AppResolver.swift */; };
		A50C1DF12899B85B007E8656 /* PlanetaryEntity.swift in Sources */ = {isa = PBXBuildFile; fileRef = A50C1DF02899B85B007E8656 /* PlanetaryEntity.swift */; };
		A50D833928BF809600798B72 /* CustomBarButtonItem.swift in Sources */ = {isa = PBXBuildFile; fileRef = A50D833828BF809600798B72 /* CustomBarButtonItem.swift */; };
		A50D834328C145E400798B72 /* PlanetaryTableViewCellProtocol.swift in Sources */ = {isa = PBXBuildFile; fileRef = A50D834228C145E400798B72 /* PlanetaryTableViewCellProtocol.swift */; };
		A518863E28B170F40053536C /* DismissButtonView.swift in Sources */ = {isa = PBXBuildFile; fileRef = A518863D28B170F40053536C /* DismissButtonView.swift */; };
		A518864028B248A70053536C /* PlanetaryCellType.swift in Sources */ = {isa = PBXBuildFile; fileRef = A518863F28B248A70053536C /* PlanetaryCellType.swift */; };
		A530D8D5289B092A00D0A2B4 /* PlanetaryEntity+CoreDataProperties.swift in Sources */ = {isa = PBXBuildFile; fileRef = A530D8D3289B092A00D0A2B4 /* PlanetaryEntity+CoreDataProperties.swift */; };
		A530D8D8289C2BC500D0A2B4 /* SpaceiOS.xcdatamodeld in Sources */ = {isa = PBXBuildFile; fileRef = A530D8D6289C2BC500D0A2B4 /* SpaceiOS.xcdatamodeld */; };
		A530D8DA289C4EB700D0A2B4 /* ParallaxHeaderView.swift in Sources */ = {isa = PBXBuildFile; fileRef = A530D8D9289C4EB700D0A2B4 /* ParallaxHeaderView.swift */; };
		A530D8DC289C524600D0A2B4 /* DetailPageViewController.swift in Sources */ = {isa = PBXBuildFile; fileRef = A530D8DB289C524600D0A2B4 /* DetailPageViewController.swift */; };
		A530D8E0289D81D700D0A2B4 /* ViewControllerSizes.swift in Sources */ = {isa = PBXBuildFile; fileRef = A530D8DF289D81D700D0A2B4 /* ViewControllerSizes.swift */; };
		A530D8E228A1A0F700D0A2B4 /* StatusBarView.swift in Sources */ = {isa = PBXBuildFile; fileRef = A530D8E128A1A0F700D0A2B4 /* StatusBarView.swift */; };
		A530D8E428A1AA5900D0A2B4 /* SummaryTableViewCell.swift in Sources */ = {isa = PBXBuildFile; fileRef = A530D8E328A1AA5900D0A2B4 /* SummaryTableViewCell.swift */; };
		A530D8E828A3C07100D0A2B4 /* DetailPageBarTableViewCell.swift in Sources */ = {isa = PBXBuildFile; fileRef = A530D8E728A3C07100D0A2B4 /* DetailPageBarTableViewCell.swift */; };
		A536B2932899B32100894972 /* DataService.swift in Sources */ = {isa = PBXBuildFile; fileRef = A536B2922899B32100894972 /* DataService.swift */; };
		A538676A2896E01A007A5858 /* NavigationButtonStyle.swift in Sources */ = {isa = PBXBuildFile; fileRef = A53867692896E01A007A5858 /* NavigationButtonStyle.swift */; };
		A5386773289708AC007A5858 /* SpaceRouter.swift in Sources */ = {isa = PBXBuildFile; fileRef = A5386772289708AC007A5858 /* SpaceRouter.swift */; };
		A538677628970940007A5858 /* Alamofire in Frameworks */ = {isa = PBXBuildFile; productRef = A538677528970940007A5858 /* Alamofire */; };
		A5458EFE2892EE85004ECF26 /* AppDelegate.swift in Sources */ = {isa = PBXBuildFile; fileRef = A5458EFD2892EE85004ECF26 /* AppDelegate.swift */; };
		A5458F002892EE85004ECF26 /* SceneDelegate.swift in Sources */ = {isa = PBXBuildFile; fileRef = A5458EFF2892EE85004ECF26 /* SceneDelegate.swift */; };
		A5458F022892EE85004ECF26 /* FeedViewController.swift in Sources */ = {isa = PBXBuildFile; fileRef = A5458F012892EE85004ECF26 /* FeedViewController.swift */; };
		A5458F0A2892EE87004ECF26 /* Assets.xcassets in Resources */ = {isa = PBXBuildFile; fileRef = A5458F092892EE87004ECF26 /* Assets.xcassets */; };
		A5458F0D2892EE87004ECF26 /* LaunchScreen.storyboard in Resources */ = {isa = PBXBuildFile; fileRef = A5458F0B2892EE87004ECF26 /* LaunchScreen.storyboard */; };
		A5458F192893084F004ECF26 /* PlanetaryDefaultTableViewCell.swift in Sources */ = {isa = PBXBuildFile; fileRef = A5458F182893084F004ECF26 /* PlanetaryDefaultTableViewCell.swift */; };
		A5458F1D28944488004ECF26 /* FeedHeaderView.swift in Sources */ = {isa = PBXBuildFile; fileRef = A5458F1C28944488004ECF26 /* FeedHeaderView.swift */; };
		A563B39928B5161600E549E4 /* GoogleService-Info.plist in Resources */ = {isa = PBXBuildFile; fileRef = A563B39828B5161600E549E4 /* GoogleService-Info.plist */; };
		A563B39C28B5171A00E549E4 /* FirebaseAuth in Frameworks */ = {isa = PBXBuildFile; productRef = A563B39B28B5171A00E549E4 /* FirebaseAuth */; };
		A563B39E28B5171A00E549E4 /* FirebaseAuthCombine-Community in Frameworks */ = {isa = PBXBuildFile; productRef = A563B39D28B5171A00E549E4 /* FirebaseAuthCombine-Community */; };
		A563B3A128B518BC00E549E4 /* AuthenticationViewController.swift in Sources */ = {isa = PBXBuildFile; fileRef = A563B3A028B518BC00E549E4 /* AuthenticationViewController.swift */; };
		A56AD18F2895E780000173CB /* SavedDataViewController.swift in Sources */ = {isa = PBXBuildFile; fileRef = A56AD18E2895E780000173CB /* SavedDataViewController.swift */; };
		A57D5EF628A4289200373D1E /* SpaceService.swift in Sources */ = {isa = PBXBuildFile; fileRef = A57D5EF528A4289200373D1E /* SpaceService.swift */; };
		A581D8032895A23700DBB651 /* AppConstants.swift in Sources */ = {isa = PBXBuildFile; fileRef = A581D8022895A23700DBB651 /* AppConstants.swift */; };
		A58880DF28B4255200DAC19F /* SavedDataViewModel.swift in Sources */ = {isa = PBXBuildFile; fileRef = A58880DE28B4255200DAC19F /* SavedDataViewModel.swift */; };
		A5A2184A28C4DAC000434B8F /* HapticService.swift in Sources */ = {isa = PBXBuildFile; fileRef = A5A2184928C4DAC000434B8F /* HapticService.swift */; };
		A5A3F76A28A544B30056D4B7 /* Kingfisher in Frameworks */ = {isa = PBXBuildFile; productRef = A5A3F76928A544B30056D4B7 /* Kingfisher */; };
		A5A3F76C28A649E10056D4B7 /* PlanetaryModel.swift in Sources */ = {isa = PBXBuildFile; fileRef = A5A3F76B28A649E10056D4B7 /* PlanetaryModel.swift */; };
		A5A3F76E28A7EB340056D4B7 /* DetailPageSection.swift in Sources */ = {isa = PBXBuildFile; fileRef = A5A3F76D28A7EB340056D4B7 /* DetailPageSection.swift */; };
		A5A3F77328A9649D0056D4B7 /* FeedPresenter.swift in Sources */ = {isa = PBXBuildFile; fileRef = A5A3F77228A9649D0056D4B7 /* FeedPresenter.swift */; };
		A5A3F77628A965F00056D4B7 /* FeedInteractor.swift in Sources */ = {isa = PBXBuildFile; fileRef = A5A3F77528A965F00056D4B7 /* FeedInteractor.swift */; };
		A5A3F77A28AAB3090056D4B7 /* FeedRouter.swift in Sources */ = {isa = PBXBuildFile; fileRef = A5A3F77928AAB3090056D4B7 /* FeedRouter.swift */; };
		A5A3F77D28AAB7EF0056D4B7 /* DetailPageRouter.swift in Sources */ = {isa = PBXBuildFile; fileRef = A5A3F77C28AAB7EF0056D4B7 /* DetailPageRouter.swift */; };
		A5A3F77F28AADD8E0056D4B7 /* DetailPageInteractor.swift in Sources */ = {isa = PBXBuildFile; fileRef = A5A3F77E28AADD8E0056D4B7 /* DetailPageInteractor.swift */; };
		A5A3F78128AADDC80056D4B7 /* DetailPagePresenter.swift in Sources */ = {isa = PBXBuildFile; fileRef = A5A3F78028AADDC80056D4B7 /* DetailPagePresenter.swift */; };
		A5A3F78528AE9A010056D4B7 /* ApiClient.swift in Sources */ = {isa = PBXBuildFile; fileRef = A5A3F78428AE9A000056D4B7 /* ApiClient.swift */; };
		A5A3F78928AE9AAC0056D4B7 /* SpaceRepository.swift in Sources */ = {isa = PBXBuildFile; fileRef = A5A3F78828AE9AAC0056D4B7 /* SpaceRepository.swift */; };
		A5A3F78B28AEB20D0056D4B7 /* FeedCellModel.swift in Sources */ = {isa = PBXBuildFile; fileRef = A5A3F78A28AEB20D0056D4B7 /* FeedCellModel.swift */; };
		A5A3F79328B0DFCE0056D4B7 /* DetailPageDataSource.swift in Sources */ = {isa = PBXBuildFile; fileRef = A5A3F79228B0DFCE0056D4B7 /* DetailPageDataSource.swift */; };
		A5A3F79528B106690056D4B7 /* FeedViewModel.swift in Sources */ = {isa = PBXBuildFile; fileRef = A5A3F79428B106690056D4B7 /* FeedViewModel.swift */; };
		A5EF4AE828B9381C007148FF /* GoogleSignIn in Frameworks */ = {isa = PBXBuildFile; productRef = A5EF4AE728B9381C007148FF /* GoogleSignIn */; };
		A5EF4AEA28B9381C007148FF /* GoogleSignInSwift in Frameworks */ = {isa = PBXBuildFile; productRef = A5EF4AE928B9381C007148FF /* GoogleSignInSwift */; };
		A5EF4AED28B93955007148FF /* AuthenticationService.swift in Sources */ = {isa = PBXBuildFile; fileRef = A5EF4AEC28B93954007148FF /* AuthenticationService.swift */; };
		A5EF4AEF28B93C09007148FF /* AuthenticationInteractor.swift in Sources */ = {isa = PBXBuildFile; fileRef = A5EF4AEE28B93C09007148FF /* AuthenticationInteractor.swift */; };
		A5F1100028B2989000C8EAA4 /* PlanetaryLargeTableViewCell.swift in Sources */ = {isa = PBXBuildFile; fileRef = A5F10FFF28B2989000C8EAA4 /* PlanetaryLargeTableViewCell.swift */; };
		A5F1100A28B3BE7F00C8EAA4 /* SavedDataInteractor.swift in Sources */ = {isa = PBXBuildFile; fileRef = A5F1100928B3BE7F00C8EAA4 /* SavedDataInteractor.swift */; };
		A5F1100C28B3BF7400C8EAA4 /* SavedDataPresenter.swift in Sources */ = {isa = PBXBuildFile; fileRef = A5F1100B28B3BF7400C8EAA4 /* SavedDataPresenter.swift */; };
/* End PBXBuildFile section */

/* Begin PBXFileReference section */
		A50C1DEB2899B4BD007E8656 /* AppResolver.swift */ = {isa = PBXFileReference; lastKnownFileType = sourcecode.swift; path = AppResolver.swift; sourceTree = "<group>"; };
		A50C1DF02899B85B007E8656 /* PlanetaryEntity.swift */ = {isa = PBXFileReference; lastKnownFileType = sourcecode.swift; path = PlanetaryEntity.swift; sourceTree = "<group>"; };
		A50D833828BF809600798B72 /* CustomBarButtonItem.swift */ = {isa = PBXFileReference; lastKnownFileType = sourcecode.swift; path = CustomBarButtonItem.swift; sourceTree = "<group>"; };
		A50D834228C145E400798B72 /* PlanetaryTableViewCellProtocol.swift */ = {isa = PBXFileReference; lastKnownFileType = sourcecode.swift; path = PlanetaryTableViewCellProtocol.swift; sourceTree = "<group>"; };
		A518863D28B170F40053536C /* DismissButtonView.swift */ = {isa = PBXFileReference; lastKnownFileType = sourcecode.swift; path = DismissButtonView.swift; sourceTree = "<group>"; };
		A518863F28B248A70053536C /* PlanetaryCellType.swift */ = {isa = PBXFileReference; lastKnownFileType = sourcecode.swift; path = PlanetaryCellType.swift; sourceTree = "<group>"; };
		A530D8D3289B092A00D0A2B4 /* PlanetaryEntity+CoreDataProperties.swift */ = {isa = PBXFileReference; lastKnownFileType = sourcecode.swift; path = "PlanetaryEntity+CoreDataProperties.swift"; sourceTree = "<group>"; };
		A530D8D7289C2BC500D0A2B4 /* News_iOS.xcdatamodel */ = {isa = PBXFileReference; lastKnownFileType = wrapper.xcdatamodel; path = News_iOS.xcdatamodel; sourceTree = "<group>"; };
		A530D8D9289C4EB700D0A2B4 /* ParallaxHeaderView.swift */ = {isa = PBXFileReference; lastKnownFileType = sourcecode.swift; path = ParallaxHeaderView.swift; sourceTree = "<group>"; };
		A530D8DB289C524600D0A2B4 /* DetailPageViewController.swift */ = {isa = PBXFileReference; lastKnownFileType = sourcecode.swift; path = DetailPageViewController.swift; sourceTree = "<group>"; };
		A530D8DF289D81D700D0A2B4 /* ViewControllerSizes.swift */ = {isa = PBXFileReference; lastKnownFileType = sourcecode.swift; path = ViewControllerSizes.swift; sourceTree = "<group>"; };
		A530D8E128A1A0F700D0A2B4 /* StatusBarView.swift */ = {isa = PBXFileReference; lastKnownFileType = sourcecode.swift; path = StatusBarView.swift; sourceTree = "<group>"; };
		A530D8E328A1AA5900D0A2B4 /* SummaryTableViewCell.swift */ = {isa = PBXFileReference; lastKnownFileType = sourcecode.swift; path = SummaryTableViewCell.swift; sourceTree = "<group>"; };
		A530D8E728A3C07100D0A2B4 /* DetailPageBarTableViewCell.swift */ = {isa = PBXFileReference; lastKnownFileType = sourcecode.swift; path = DetailPageBarTableViewCell.swift; sourceTree = "<group>"; };
		A536B2922899B32100894972 /* DataService.swift */ = {isa = PBXFileReference; lastKnownFileType = sourcecode.swift; path = DataService.swift; sourceTree = "<group>"; };
		A53867692896E01A007A5858 /* NavigationButtonStyle.swift */ = {isa = PBXFileReference; lastKnownFileType = sourcecode.swift; path = NavigationButtonStyle.swift; sourceTree = "<group>"; };
		A5386772289708AC007A5858 /* SpaceRouter.swift */ = {isa = PBXFileReference; lastKnownFileType = sourcecode.swift; path = SpaceRouter.swift; sourceTree = "<group>"; };
		A5458EFA2892EE85004ECF26 /* News-iOS.app */ = {isa = PBXFileReference; explicitFileType = wrapper.application; includeInIndex = 0; path = "News-iOS.app"; sourceTree = BUILT_PRODUCTS_DIR; };
		A5458EFD2892EE85004ECF26 /* AppDelegate.swift */ = {isa = PBXFileReference; lastKnownFileType = sourcecode.swift; path = AppDelegate.swift; sourceTree = "<group>"; };
		A5458EFF2892EE85004ECF26 /* SceneDelegate.swift */ = {isa = PBXFileReference; lastKnownFileType = sourcecode.swift; path = SceneDelegate.swift; sourceTree = "<group>"; };
		A5458F012892EE85004ECF26 /* FeedViewController.swift */ = {isa = PBXFileReference; lastKnownFileType = sourcecode.swift; path = FeedViewController.swift; sourceTree = "<group>"; };
		A5458F092892EE87004ECF26 /* Assets.xcassets */ = {isa = PBXFileReference; lastKnownFileType = folder.assetcatalog; path = Assets.xcassets; sourceTree = "<group>"; };
		A5458F0C2892EE87004ECF26 /* Base */ = {isa = PBXFileReference; lastKnownFileType = file.storyboard; name = Base; path = Base.lproj/LaunchScreen.storyboard; sourceTree = "<group>"; };
		A5458F0E2892EE87004ECF26 /* Info.plist */ = {isa = PBXFileReference; lastKnownFileType = text.plist.xml; path = Info.plist; sourceTree = "<group>"; };
		A5458F182893084F004ECF26 /* PlanetaryDefaultTableViewCell.swift */ = {isa = PBXFileReference; lastKnownFileType = sourcecode.swift; path = PlanetaryDefaultTableViewCell.swift; sourceTree = "<group>"; };
		A5458F1C28944488004ECF26 /* FeedHeaderView.swift */ = {isa = PBXFileReference; lastKnownFileType = sourcecode.swift; path = FeedHeaderView.swift; sourceTree = "<group>"; };
		A563B39828B5161600E549E4 /* GoogleService-Info.plist */ = {isa = PBXFileReference; fileEncoding = 4; lastKnownFileType = text.plist.xml; path = "GoogleService-Info.plist"; sourceTree = "<group>"; };
		A563B3A028B518BC00E549E4 /* AuthenticationViewController.swift */ = {isa = PBXFileReference; lastKnownFileType = sourcecode.swift; path = AuthenticationViewController.swift; sourceTree = "<group>"; };
		A56AD18E2895E780000173CB /* SavedDataViewController.swift */ = {isa = PBXFileReference; lastKnownFileType = sourcecode.swift; path = SavedDataViewController.swift; sourceTree = "<group>"; };
		A57D5EF528A4289200373D1E /* SpaceService.swift */ = {isa = PBXFileReference; lastKnownFileType = sourcecode.swift; path = SpaceService.swift; sourceTree = "<group>"; };
		A581D8022895A23700DBB651 /* AppConstants.swift */ = {isa = PBXFileReference; lastKnownFileType = sourcecode.swift; path = AppConstants.swift; sourceTree = "<group>"; };
		A58880DE28B4255200DAC19F /* SavedDataViewModel.swift */ = {isa = PBXFileReference; lastKnownFileType = sourcecode.swift; path = SavedDataViewModel.swift; sourceTree = "<group>"; };
		A5A2184928C4DAC000434B8F /* HapticService.swift */ = {isa = PBXFileReference; lastKnownFileType = sourcecode.swift; path = HapticService.swift; sourceTree = "<group>"; };
		A5A3F76B28A649E10056D4B7 /* PlanetaryModel.swift */ = {isa = PBXFileReference; lastKnownFileType = sourcecode.swift; path = PlanetaryModel.swift; sourceTree = "<group>"; };
		A5A3F76D28A7EB340056D4B7 /* DetailPageSection.swift */ = {isa = PBXFileReference; lastKnownFileType = sourcecode.swift; path = DetailPageSection.swift; sourceTree = "<group>"; };
		A5A3F77228A9649D0056D4B7 /* FeedPresenter.swift */ = {isa = PBXFileReference; lastKnownFileType = sourcecode.swift; path = FeedPresenter.swift; sourceTree = "<group>"; };
		A5A3F77528A965F00056D4B7 /* FeedInteractor.swift */ = {isa = PBXFileReference; lastKnownFileType = sourcecode.swift; path = FeedInteractor.swift; sourceTree = "<group>"; };
		A5A3F77928AAB3090056D4B7 /* FeedRouter.swift */ = {isa = PBXFileReference; lastKnownFileType = sourcecode.swift; path = FeedRouter.swift; sourceTree = "<group>"; };
		A5A3F77C28AAB7EF0056D4B7 /* DetailPageRouter.swift */ = {isa = PBXFileReference; lastKnownFileType = sourcecode.swift; path = DetailPageRouter.swift; sourceTree = "<group>"; };
		A5A3F77E28AADD8E0056D4B7 /* DetailPageInteractor.swift */ = {isa = PBXFileReference; lastKnownFileType = sourcecode.swift; path = DetailPageInteractor.swift; sourceTree = "<group>"; };
		A5A3F78028AADDC80056D4B7 /* DetailPagePresenter.swift */ = {isa = PBXFileReference; lastKnownFileType = sourcecode.swift; path = DetailPagePresenter.swift; sourceTree = "<group>"; };
		A5A3F78428AE9A000056D4B7 /* ApiClient.swift */ = {isa = PBXFileReference; lastKnownFileType = sourcecode.swift; path = ApiClient.swift; sourceTree = "<group>"; };
		A5A3F78828AE9AAC0056D4B7 /* SpaceRepository.swift */ = {isa = PBXFileReference; lastKnownFileType = sourcecode.swift; path = SpaceRepository.swift; sourceTree = "<group>"; };
		A5A3F78A28AEB20D0056D4B7 /* FeedCellModel.swift */ = {isa = PBXFileReference; lastKnownFileType = sourcecode.swift; path = FeedCellModel.swift; sourceTree = "<group>"; };
		A5A3F79228B0DFCE0056D4B7 /* DetailPageDataSource.swift */ = {isa = PBXFileReference; lastKnownFileType = sourcecode.swift; path = DetailPageDataSource.swift; sourceTree = "<group>"; };
		A5A3F79428B106690056D4B7 /* FeedViewModel.swift */ = {isa = PBXFileReference; lastKnownFileType = sourcecode.swift; path = FeedViewModel.swift; sourceTree = "<group>"; };
		A5EF4AEC28B93954007148FF /* AuthenticationService.swift */ = {isa = PBXFileReference; lastKnownFileType = sourcecode.swift; path = AuthenticationService.swift; sourceTree = "<group>"; };
		A5EF4AEE28B93C09007148FF /* AuthenticationInteractor.swift */ = {isa = PBXFileReference; lastKnownFileType = sourcecode.swift; path = AuthenticationInteractor.swift; sourceTree = "<group>"; };
		A5F10FFF28B2989000C8EAA4 /* PlanetaryLargeTableViewCell.swift */ = {isa = PBXFileReference; lastKnownFileType = sourcecode.swift; path = PlanetaryLargeTableViewCell.swift; sourceTree = "<group>"; };
		A5F1100928B3BE7F00C8EAA4 /* SavedDataInteractor.swift */ = {isa = PBXFileReference; lastKnownFileType = sourcecode.swift; path = SavedDataInteractor.swift; sourceTree = "<group>"; };
		A5F1100B28B3BF7400C8EAA4 /* SavedDataPresenter.swift */ = {isa = PBXFileReference; lastKnownFileType = sourcecode.swift; path = SavedDataPresenter.swift; sourceTree = "<group>"; };
/* End PBXFileReference section */

/* Begin PBXFrameworksBuildPhase section */
		A5458EF72892EE85004ECF26 /* Frameworks */ = {
			isa = PBXFrameworksBuildPhase;
			buildActionMask = 2147483647;
			files = (
				A5A3F76A28A544B30056D4B7 /* Kingfisher in Frameworks */,
				A50C1DEA2899B492007E8656 /* Resolver in Frameworks */,
				A5EF4AEA28B9381C007148FF /* GoogleSignInSwift in Frameworks */,
				A538677628970940007A5858 /* Alamofire in Frameworks */,
				A563B39C28B5171A00E549E4 /* FirebaseAuth in Frameworks */,
				A563B39E28B5171A00E549E4 /* FirebaseAuthCombine-Community in Frameworks */,
				A5EF4AE828B9381C007148FF /* GoogleSignIn in Frameworks */,
			);
			runOnlyForDeploymentPostprocessing = 0;
		};
/* End PBXFrameworksBuildPhase section */

/* Begin PBXGroup section */
		A50C1DED2899B511007E8656 /* Data */ = {
			isa = PBXGroup;
			children = (
				A536B2922899B32100894972 /* DataService.swift */,
			);
			path = Data;
			sourceTree = "<group>";
		};
		A50C1DEE2899B837007E8656 /* Data */ = {
			isa = PBXGroup;
			children = (
				A530D8D3289B092A00D0A2B4 /* PlanetaryEntity+CoreDataProperties.swift */,
				A50C1DF02899B85B007E8656 /* PlanetaryEntity.swift */,
			);
			path = Data;
			sourceTree = "<group>";
		};
		A50C1DEF2899B848007E8656 /* Request */ = {
			isa = PBXGroup;
			children = (
				A5A3F76B28A649E10056D4B7 /* PlanetaryModel.swift */,
			);
			path = Request;
			sourceTree = "<group>";
		};
		A536B2902899B22700894972 /* Resources */ = {
			isa = PBXGroup;
			children = (
				A5458F0E2892EE87004ECF26 /* Info.plist */,
				A563B39828B5161600E549E4 /* GoogleService-Info.plist */,
				A530D8D6289C2BC500D0A2B4 /* SpaceiOS.xcdatamodeld */,
				A5458F092892EE87004ECF26 /* Assets.xcassets */,
				A5458F0B2892EE87004ECF26 /* LaunchScreen.storyboard */,
				A581D8022895A23700DBB651 /* AppConstants.swift */,
			);
			path = Resources;
			sourceTree = "<group>";
		};
		A536B2912899B31100894972 /* Core */ = {
			isa = PBXGroup;
			children = (
				A530D8DF289D81D700D0A2B4 /* ViewControllerSizes.swift */,
				A530D8E128A1A0F700D0A2B4 /* StatusBarView.swift */,
			);
			path = Core;
			sourceTree = "<group>";
		};
		A53867682896E001007A5858 /* CoreUI */ = {
			isa = PBXGroup;
			children = (
				A53867692896E01A007A5858 /* NavigationButtonStyle.swift */,
				A530D8D9289C4EB700D0A2B4 /* ParallaxHeaderView.swift */,
				A5458F1C28944488004ECF26 /* FeedHeaderView.swift */,
				A518863D28B170F40053536C /* DismissButtonView.swift */,
				A50D833828BF809600798B72 /* CustomBarButtonItem.swift */,
			);
			path = CoreUI;
			sourceTree = "<group>";
		};
		A538676B289707DD007A5858 /* Services */ = {
			isa = PBXGroup;
			children = (
				A5A2184828C4DAB300434B8F /* Haptic */,
				A5EF4AEB28B93941007148FF /* Authentication */,
				A5A3F78628AE9A6D0056D4B7 /* Api */,
				A50C1DED2899B511007E8656 /* Data */,
				A5386771289708A1007A5858 /* Space */,
			);
			path = Services;
			sourceTree = "<group>";
		};
		A538676C289707E5007A5858 /* SharedModel */ = {
			isa = PBXGroup;
			children = (
				A555D53628C3A47E003B60EA /* View */,
				A50C1DEF2899B848007E8656 /* Request */,
				A50C1DEE2899B837007E8656 /* Data */,
			);
			path = SharedModel;
			sourceTree = "<group>";
		};
		A5386771289708A1007A5858 /* Space */ = {
			isa = PBXGroup;
			children = (
				A5386772289708AC007A5858 /* SpaceRouter.swift */,
				A57D5EF528A4289200373D1E /* SpaceService.swift */,
			);
			path = Space;
			sourceTree = "<group>";
		};
		A5458EF12892EE85004ECF26 = {
			isa = PBXGroup;
			children = (
				A5458EFC2892EE85004ECF26 /* News-iOS */,
				A5458EFB2892EE85004ECF26 /* Products */,
			);
			sourceTree = "<group>";
		};
		A5458EFB2892EE85004ECF26 /* Products */ = {
			isa = PBXGroup;
			children = (
				A5458EFA2892EE85004ECF26 /* News-iOS.app */,
			);
			name = Products;
			sourceTree = "<group>";
		};
		A5458EFC2892EE85004ECF26 /* News-iOS */ = {
			isa = PBXGroup;
			children = (
				A563B39F28B5189C00E549E4 /* Authentication */,
				A5A3F78728AE9AA10056D4B7 /* Repository */,
				A536B2902899B22700894972 /* Resources */,
				A538676C289707E5007A5858 /* SharedModel */,
				A536B2912899B31100894972 /* Core */,
				A538676B289707DD007A5858 /* Services */,
				A53867682896E001007A5858 /* CoreUI */,
				A5458F152892EFBD004ECF26 /* Feed */,
				A5458EFD2892EE85004ECF26 /* AppDelegate.swift */,
				A5458EFF2892EE85004ECF26 /* SceneDelegate.swift */,
				A50C1DEB2899B4BD007E8656 /* AppResolver.swift */,
			);
			path = "News-iOS";
			sourceTree = "<group>";
		};
		A5458F152892EFBD004ECF26 /* Feed */ = {
			isa = PBXGroup;
			children = (
				A5F1100828B3BE6600C8EAA4 /* SavedData */,
				A5A3F78228AC32F90056D4B7 /* Feed */,
				A5A3F77B28AAB7AC0056D4B7 /* DetailPage */,
				A5458F162892EFE8004ECF26 /* Cells */,
			);
			path = Feed;
			sourceTree = "<group>";
		};
		A5458F162892EFE8004ECF26 /* Cells */ = {
			isa = PBXGroup;
			children = (
				A530D8E328A1AA5900D0A2B4 /* SummaryTableViewCell.swift */,
				A530D8E728A3C07100D0A2B4 /* DetailPageBarTableViewCell.swift */,
				A5F10FFF28B2989000C8EAA4 /* PlanetaryLargeTableViewCell.swift */,
				A5458F182893084F004ECF26 /* PlanetaryDefaultTableViewCell.swift */,
				A50D834228C145E400798B72 /* PlanetaryTableViewCellProtocol.swift */,
			);
			path = Cells;
			sourceTree = "<group>";
		};
		A555D53628C3A47E003B60EA /* View */ = {
			isa = PBXGroup;
			children = (
				A518863F28B248A70053536C /* PlanetaryCellType.swift */,
				A5A3F78A28AEB20D0056D4B7 /* FeedCellModel.swift */,
				A5A3F76D28A7EB340056D4B7 /* DetailPageSection.swift */,
			);
			path = View;
			sourceTree = "<group>";
		};
		A563B39F28B5189C00E549E4 /* Authentication */ = {
			isa = PBXGroup;
			children = (
				A563B3A028B518BC00E549E4 /* AuthenticationViewController.swift */,
				A5EF4AEE28B93C09007148FF /* AuthenticationInteractor.swift */,
			);
			path = Authentication;
			sourceTree = "<group>";
		};
		A5A2184828C4DAB300434B8F /* Haptic */ = {
			isa = PBXGroup;
			children = (
				A5A2184928C4DAC000434B8F /* HapticService.swift */,
			);
			path = Haptic;
			sourceTree = "<group>";
		};
		A5A3F77B28AAB7AC0056D4B7 /* DetailPage */ = {
			isa = PBXGroup;
			children = (
				A5A3F77C28AAB7EF0056D4B7 /* DetailPageRouter.swift */,
				A5A3F77E28AADD8E0056D4B7 /* DetailPageInteractor.swift */,
				A5A3F78028AADDC80056D4B7 /* DetailPagePresenter.swift */,
				A530D8DB289C524600D0A2B4 /* DetailPageViewController.swift */,
				A5A3F79228B0DFCE0056D4B7 /* DetailPageDataSource.swift */,
			);
			path = DetailPage;
			sourceTree = "<group>";
		};
		A5A3F78228AC32F90056D4B7 /* Feed */ = {
			isa = PBXGroup;
			children = (
				A5A3F77928AAB3090056D4B7 /* FeedRouter.swift */,
				A5A3F77228A9649D0056D4B7 /* FeedPresenter.swift */,
				A5A3F77528A965F00056D4B7 /* FeedInteractor.swift */,
				A5458F012892EE85004ECF26 /* FeedViewController.swift */,
				A5A3F79428B106690056D4B7 /* FeedViewModel.swift */,
			);
			path = Feed;
			sourceTree = "<group>";
		};
		A5A3F78628AE9A6D0056D4B7 /* Api */ = {
			isa = PBXGroup;
			children = (
				A5A3F78428AE9A000056D4B7 /* ApiClient.swift */,
			);
			path = Api;
			sourceTree = "<group>";
		};
		A5A3F78728AE9AA10056D4B7 /* Repository */ = {
			isa = PBXGroup;
			children = (
				A5A3F78828AE9AAC0056D4B7 /* SpaceRepository.swift */,
			);
			path = Repository;
			sourceTree = "<group>";
		};
		A5EF4AEB28B93941007148FF /* Authentication */ = {
			isa = PBXGroup;
			children = (
				A5EF4AEC28B93954007148FF /* AuthenticationService.swift */,
			);
			path = Authentication;
			sourceTree = "<group>";
		};
		A5F1100828B3BE6600C8EAA4 /* SavedData */ = {
			isa = PBXGroup;
			children = (
				A56AD18E2895E780000173CB /* SavedDataViewController.swift */,
				A5F1100928B3BE7F00C8EAA4 /* SavedDataInteractor.swift */,
				A5F1100B28B3BF7400C8EAA4 /* SavedDataPresenter.swift */,
				A58880DE28B4255200DAC19F /* SavedDataViewModel.swift */,
			);
			path = SavedData;
			sourceTree = "<group>";
		};
/* End PBXGroup section */

/* Begin PBXNativeTarget section */
		A5458EF92892EE85004ECF26 /* News-iOS */ = {
			isa = PBXNativeTarget;
			buildConfigurationList = A5458F112892EE87004ECF26 /* Build configuration list for PBXNativeTarget "News-iOS" */;
			buildPhases = (
				A5458EF62892EE85004ECF26 /* Sources */,
				A5458EF72892EE85004ECF26 /* Frameworks */,
				A5458EF82892EE85004ECF26 /* Resources */,
			);
			buildRules = (
			);
			dependencies = (
			);
			name = "News-iOS";
			packageProductDependencies = (
				A538677528970940007A5858 /* Alamofire */,
				A50C1DE92899B492007E8656 /* Resolver */,
				A5A3F76928A544B30056D4B7 /* Kingfisher */,
				A563B39B28B5171A00E549E4 /* FirebaseAuth */,
				A563B39D28B5171A00E549E4 /* FirebaseAuthCombine-Community */,
				A5EF4AE728B9381C007148FF /* GoogleSignIn */,
				A5EF4AE928B9381C007148FF /* GoogleSignInSwift */,
			);
			productName = "News-iOS";
			productReference = A5458EFA2892EE85004ECF26 /* News-iOS.app */;
			productType = "com.apple.product-type.application";
		};
/* End PBXNativeTarget section */

/* Begin PBXProject section */
		A5458EF22892EE85004ECF26 /* Project object */ = {
			isa = PBXProject;
			attributes = {
				BuildIndependentTargetsInParallel = 1;
				LastSwiftUpdateCheck = 1340;
				LastUpgradeCheck = 1340;
				TargetAttributes = {
					A5458EF92892EE85004ECF26 = {
						CreatedOnToolsVersion = 13.4.1;
					};
				};
			};
			buildConfigurationList = A5458EF52892EE85004ECF26 /* Build configuration list for PBXProject "News-iOS" */;
			compatibilityVersion = "Xcode 13.0";
			developmentRegion = en;
			hasScannedForEncodings = 0;
			knownRegions = (
				en,
				Base,
			);
			mainGroup = A5458EF12892EE85004ECF26;
			packageReferences = (
				A538677428970940007A5858 /* XCRemoteSwiftPackageReference "Alamofire" */,
				A50C1DE82899B492007E8656 /* XCRemoteSwiftPackageReference "Resolver" */,
				A5A3F76828A544B30056D4B7 /* XCRemoteSwiftPackageReference "Kingfisher" */,
				A563B39A28B5171A00E549E4 /* XCRemoteSwiftPackageReference "firebase-ios-sdk" */,
				A5EF4AE628B9381C007148FF /* XCRemoteSwiftPackageReference "GoogleSignIn-iOS" */,
			);
			productRefGroup = A5458EFB2892EE85004ECF26 /* Products */;
			projectDirPath = "";
			projectRoot = "";
			targets = (
				A5458EF92892EE85004ECF26 /* News-iOS */,
			);
		};
/* End PBXProject section */

/* Begin PBXResourcesBuildPhase section */
		A5458EF82892EE85004ECF26 /* Resources */ = {
			isa = PBXResourcesBuildPhase;
			buildActionMask = 2147483647;
			files = (
				A5458F0D2892EE87004ECF26 /* LaunchScreen.storyboard in Resources */,
				A5458F0A2892EE87004ECF26 /* Assets.xcassets in Resources */,
				A563B39928B5161600E549E4 /* GoogleService-Info.plist in Resources */,
			);
			runOnlyForDeploymentPostprocessing = 0;
		};
/* End PBXResourcesBuildPhase section */

/* Begin PBXSourcesBuildPhase section */
		A5458EF62892EE85004ECF26 /* Sources */ = {
			isa = PBXSourcesBuildPhase;
			buildActionMask = 2147483647;
			files = (
				A518864028B248A70053536C /* PlanetaryCellType.swift in Sources */,
				A5A3F78128AADDC80056D4B7 /* DetailPagePresenter.swift in Sources */,
				A518863E28B170F40053536C /* DismissButtonView.swift in Sources */,
				A5A3F76C28A649E10056D4B7 /* PlanetaryModel.swift in Sources */,
				A536B2932899B32100894972 /* DataService.swift in Sources */,
				A5A3F78528AE9A010056D4B7 /* ApiClient.swift in Sources */,
				A538676A2896E01A007A5858 /* NavigationButtonStyle.swift in Sources */,
				A530D8D5289B092A00D0A2B4 /* PlanetaryEntity+CoreDataProperties.swift in Sources */,
				A530D8E828A3C07100D0A2B4 /* DetailPageBarTableViewCell.swift in Sources */,
				A50D834328C145E400798B72 /* PlanetaryTableViewCellProtocol.swift in Sources */,
				A530D8D8289C2BC500D0A2B4 /* SpaceiOS.xcdatamodeld in Sources */,
				A5458F1D28944488004ECF26 /* FeedHeaderView.swift in Sources */,
				A5EF4AEF28B93C09007148FF /* AuthenticationInteractor.swift in Sources */,
				A5A3F77D28AAB7EF0056D4B7 /* DetailPageRouter.swift in Sources */,
				A5A3F77328A9649D0056D4B7 /* FeedPresenter.swift in Sources */,
				A58880DF28B4255200DAC19F /* SavedDataViewModel.swift in Sources */,
				A530D8E0289D81D700D0A2B4 /* ViewControllerSizes.swift in Sources */,
				A5458F022892EE85004ECF26 /* FeedViewController.swift in Sources */,
				A5EF4AED28B93955007148FF /* AuthenticationService.swift in Sources */,
				A530D8E228A1A0F700D0A2B4 /* StatusBarView.swift in Sources */,
				A5A2184A28C4DAC000434B8F /* HapticService.swift in Sources */,
				A5A3F76E28A7EB340056D4B7 /* DetailPageSection.swift in Sources */,
				A5F1100C28B3BF7400C8EAA4 /* SavedDataPresenter.swift in Sources */,
				A5458F192893084F004ECF26 /* PlanetaryDefaultTableViewCell.swift in Sources */,
				A581D8032895A23700DBB651 /* AppConstants.swift in Sources */,
				A5458EFE2892EE85004ECF26 /* AppDelegate.swift in Sources */,
				A5A3F79528B106690056D4B7 /* FeedViewModel.swift in Sources */,
				A530D8DC289C524600D0A2B4 /* DetailPageViewController.swift in Sources */,
				A563B3A128B518BC00E549E4 /* AuthenticationViewController.swift in Sources */,
				A530D8DA289C4EB700D0A2B4 /* ParallaxHeaderView.swift in Sources */,
				A5458F002892EE85004ECF26 /* SceneDelegate.swift in Sources */,
				A50C1DF12899B85B007E8656 /* PlanetaryEntity.swift in Sources */,
				A5386773289708AC007A5858 /* SpaceRouter.swift in Sources */,
				A5A3F78928AE9AAC0056D4B7 /* SpaceRepository.swift in Sources */,
				A5A3F78B28AEB20D0056D4B7 /* FeedCellModel.swift in Sources */,
				A5A3F79328B0DFCE0056D4B7 /* DetailPageDataSource.swift in Sources */,
				A50D833928BF809600798B72 /* CustomBarButtonItem.swift in Sources */,
				A5A3F77A28AAB3090056D4B7 /* FeedRouter.swift in Sources */,
				A56AD18F2895E780000173CB /* SavedDataViewController.swift in Sources */,
				A5F1100A28B3BE7F00C8EAA4 /* SavedDataInteractor.swift in Sources */,
				A5F1100028B2989000C8EAA4 /* PlanetaryLargeTableViewCell.swift in Sources */,
				A5A3F77F28AADD8E0056D4B7 /* DetailPageInteractor.swift in Sources */,
				A57D5EF628A4289200373D1E /* SpaceService.swift in Sources */,
				A530D8E428A1AA5900D0A2B4 /* SummaryTableViewCell.swift in Sources */,
				A5A3F77628A965F00056D4B7 /* FeedInteractor.swift in Sources */,
				A50C1DEC2899B4BD007E8656 /* AppResolver.swift in Sources */,
			);
			runOnlyForDeploymentPostprocessing = 0;
		};
/* End PBXSourcesBuildPhase section */

/* Begin PBXVariantGroup section */
		A5458F0B2892EE87004ECF26 /* LaunchScreen.storyboard */ = {
			isa = PBXVariantGroup;
			children = (
				A5458F0C2892EE87004ECF26 /* Base */,
			);
			name = LaunchScreen.storyboard;
			sourceTree = "<group>";
		};
/* End PBXVariantGroup section */

/* Begin XCBuildConfiguration section */
		A5458F0F2892EE87004ECF26 /* Debug */ = {
			isa = XCBuildConfiguration;
			buildSettings = {
				ALWAYS_SEARCH_USER_PATHS = NO;
				CLANG_ANALYZER_NONNULL = YES;
				CLANG_ANALYZER_NUMBER_OBJECT_CONVERSION = YES_AGGRESSIVE;
				CLANG_CXX_LANGUAGE_STANDARD = "gnu++17";
				CLANG_ENABLE_MODULES = YES;
				CLANG_ENABLE_OBJC_ARC = YES;
				CLANG_ENABLE_OBJC_WEAK = YES;
				CLANG_WARN_BLOCK_CAPTURE_AUTORELEASING = YES;
				CLANG_WARN_BOOL_CONVERSION = YES;
				CLANG_WARN_COMMA = YES;
				CLANG_WARN_CONSTANT_CONVERSION = YES;
				CLANG_WARN_DEPRECATED_OBJC_IMPLEMENTATIONS = YES;
				CLANG_WARN_DIRECT_OBJC_ISA_USAGE = YES_ERROR;
				CLANG_WARN_DOCUMENTATION_COMMENTS = YES;
				CLANG_WARN_EMPTY_BODY = YES;
				CLANG_WARN_ENUM_CONVERSION = YES;
				CLANG_WARN_INFINITE_RECURSION = YES;
				CLANG_WARN_INT_CONVERSION = YES;
				CLANG_WARN_NON_LITERAL_NULL_CONVERSION = YES;
				CLANG_WARN_OBJC_IMPLICIT_RETAIN_SELF = YES;
				CLANG_WARN_OBJC_LITERAL_CONVERSION = YES;
				CLANG_WARN_OBJC_ROOT_CLASS = YES_ERROR;
				CLANG_WARN_QUOTED_INCLUDE_IN_FRAMEWORK_HEADER = YES;
				CLANG_WARN_RANGE_LOOP_ANALYSIS = YES;
				CLANG_WARN_STRICT_PROTOTYPES = YES;
				CLANG_WARN_SUSPICIOUS_MOVE = YES;
				CLANG_WARN_UNGUARDED_AVAILABILITY = YES_AGGRESSIVE;
				CLANG_WARN_UNREACHABLE_CODE = YES;
				CLANG_WARN__DUPLICATE_METHOD_MATCH = YES;
				COPY_PHASE_STRIP = NO;
				DEBUG_INFORMATION_FORMAT = dwarf;
				ENABLE_STRICT_OBJC_MSGSEND = YES;
				ENABLE_TESTABILITY = YES;
				GCC_C_LANGUAGE_STANDARD = gnu11;
				GCC_DYNAMIC_NO_PIC = NO;
				GCC_NO_COMMON_BLOCKS = YES;
				GCC_OPTIMIZATION_LEVEL = 0;
				GCC_PREPROCESSOR_DEFINITIONS = (
					"DEBUG=1",
					"$(inherited)",
				);
				GCC_WARN_64_TO_32_BIT_CONVERSION = YES;
				GCC_WARN_ABOUT_RETURN_TYPE = YES_ERROR;
				GCC_WARN_UNDECLARED_SELECTOR = YES;
				GCC_WARN_UNINITIALIZED_AUTOS = YES_AGGRESSIVE;
				GCC_WARN_UNUSED_FUNCTION = YES;
				GCC_WARN_UNUSED_VARIABLE = YES;
				IPHONEOS_DEPLOYMENT_TARGET = 15.5;
				MTL_ENABLE_DEBUG_INFO = INCLUDE_SOURCE;
				MTL_FAST_MATH = YES;
				ONLY_ACTIVE_ARCH = YES;
				SDKROOT = iphoneos;
				SWIFT_ACTIVE_COMPILATION_CONDITIONS = DEBUG;
				SWIFT_OPTIMIZATION_LEVEL = "-Onone";
			};
			name = Debug;
		};
		A5458F102892EE87004ECF26 /* Release */ = {
			isa = XCBuildConfiguration;
			buildSettings = {
				ALWAYS_SEARCH_USER_PATHS = NO;
				CLANG_ANALYZER_NONNULL = YES;
				CLANG_ANALYZER_NUMBER_OBJECT_CONVERSION = YES_AGGRESSIVE;
				CLANG_CXX_LANGUAGE_STANDARD = "gnu++17";
				CLANG_ENABLE_MODULES = YES;
				CLANG_ENABLE_OBJC_ARC = YES;
				CLANG_ENABLE_OBJC_WEAK = YES;
				CLANG_WARN_BLOCK_CAPTURE_AUTORELEASING = YES;
				CLANG_WARN_BOOL_CONVERSION = YES;
				CLANG_WARN_COMMA = YES;
				CLANG_WARN_CONSTANT_CONVERSION = YES;
				CLANG_WARN_DEPRECATED_OBJC_IMPLEMENTATIONS = YES;
				CLANG_WARN_DIRECT_OBJC_ISA_USAGE = YES_ERROR;
				CLANG_WARN_DOCUMENTATION_COMMENTS = YES;
				CLANG_WARN_EMPTY_BODY = YES;
				CLANG_WARN_ENUM_CONVERSION = YES;
				CLANG_WARN_INFINITE_RECURSION = YES;
				CLANG_WARN_INT_CONVERSION = YES;
				CLANG_WARN_NON_LITERAL_NULL_CONVERSION = YES;
				CLANG_WARN_OBJC_IMPLICIT_RETAIN_SELF = YES;
				CLANG_WARN_OBJC_LITERAL_CONVERSION = YES;
				CLANG_WARN_OBJC_ROOT_CLASS = YES_ERROR;
				CLANG_WARN_QUOTED_INCLUDE_IN_FRAMEWORK_HEADER = YES;
				CLANG_WARN_RANGE_LOOP_ANALYSIS = YES;
				CLANG_WARN_STRICT_PROTOTYPES = YES;
				CLANG_WARN_SUSPICIOUS_MOVE = YES;
				CLANG_WARN_UNGUARDED_AVAILABILITY = YES_AGGRESSIVE;
				CLANG_WARN_UNREACHABLE_CODE = YES;
				CLANG_WARN__DUPLICATE_METHOD_MATCH = YES;
				COPY_PHASE_STRIP = NO;
				DEBUG_INFORMATION_FORMAT = "dwarf-with-dsym";
				ENABLE_NS_ASSERTIONS = NO;
				ENABLE_STRICT_OBJC_MSGSEND = YES;
				GCC_C_LANGUAGE_STANDARD = gnu11;
				GCC_NO_COMMON_BLOCKS = YES;
				GCC_WARN_64_TO_32_BIT_CONVERSION = YES;
				GCC_WARN_ABOUT_RETURN_TYPE = YES_ERROR;
				GCC_WARN_UNDECLARED_SELECTOR = YES;
				GCC_WARN_UNINITIALIZED_AUTOS = YES_AGGRESSIVE;
				GCC_WARN_UNUSED_FUNCTION = YES;
				GCC_WARN_UNUSED_VARIABLE = YES;
				IPHONEOS_DEPLOYMENT_TARGET = 15.5;
				MTL_ENABLE_DEBUG_INFO = NO;
				MTL_FAST_MATH = YES;
				SDKROOT = iphoneos;
				SWIFT_COMPILATION_MODE = wholemodule;
				SWIFT_OPTIMIZATION_LEVEL = "-O";
				VALIDATE_PRODUCT = YES;
			};
			name = Release;
		};
		A5458F122892EE87004ECF26 /* Debug */ = {
			isa = XCBuildConfiguration;
			buildSettings = {
				ASSETCATALOG_COMPILER_APPICON_NAME = AppIcon;
				ASSETCATALOG_COMPILER_GLOBAL_ACCENT_COLOR_NAME = AccentColor;
				CODE_SIGN_STYLE = Automatic;
				CURRENT_PROJECT_VERSION = 1;
				DEVELOPMENT_TEAM = 6BU4S7J3BN;
				GENERATE_INFOPLIST_FILE = YES;
				INFOPLIST_FILE = "News-iOS/Info.plist";
				INFOPLIST_KEY_CFBundleDisplayName = Spacey;
				INFOPLIST_KEY_UIApplicationSupportsIndirectInputEvents = YES;
				INFOPLIST_KEY_UILaunchStoryboardName = LaunchScreen;
				INFOPLIST_KEY_UISupportedInterfaceOrientations = UIInterfaceOrientationPortrait;
				INFOPLIST_KEY_UISupportedInterfaceOrientations_iPad = "UIInterfaceOrientationPortrait UIInterfaceOrientationPortraitUpsideDown UIInterfaceOrientationLandscapeLeft UIInterfaceOrientationLandscapeRight";
				INFOPLIST_KEY_UISupportedInterfaceOrientations_iPhone = UIInterfaceOrientationPortrait;
				LD_RUNPATH_SEARCH_PATHS = (
					"$(inherited)",
					"@executable_path/Frameworks",
				);
				MARKETING_VERSION = 1.0;
				PRODUCT_BUNDLE_IDENTIFIER = "com.DaniilShmoylove.Space-iOS";
				PRODUCT_NAME = "$(TARGET_NAME)";
				SWIFT_EMIT_LOC_STRINGS = YES;
				SWIFT_VERSION = 5.0;
				TARGETED_DEVICE_FAMILY = 1;
			};
			name = Debug;
		};
		A5458F132892EE87004ECF26 /* Release */ = {
			isa = XCBuildConfiguration;
			buildSettings = {
				ASSETCATALOG_COMPILER_APPICON_NAME = AppIcon;
				ASSETCATALOG_COMPILER_GLOBAL_ACCENT_COLOR_NAME = AccentColor;
				CODE_SIGN_STYLE = Automatic;
				CURRENT_PROJECT_VERSION = 1;
				DEVELOPMENT_TEAM = 6BU4S7J3BN;
				GENERATE_INFOPLIST_FILE = YES;
				INFOPLIST_FILE = "News-iOS/Info.plist";
				INFOPLIST_KEY_CFBundleDisplayName = Spacey;
				INFOPLIST_KEY_UIApplicationSupportsIndirectInputEvents = YES;
				INFOPLIST_KEY_UILaunchStoryboardName = LaunchScreen;
				INFOPLIST_KEY_UISupportedInterfaceOrientations = UIInterfaceOrientationPortrait;
				INFOPLIST_KEY_UISupportedInterfaceOrientations_iPad = "UIInterfaceOrientationPortrait UIInterfaceOrientationPortraitUpsideDown UIInterfaceOrientationLandscapeLeft UIInterfaceOrientationLandscapeRight";
				INFOPLIST_KEY_UISupportedInterfaceOrientations_iPhone = UIInterfaceOrientationPortrait;
				LD_RUNPATH_SEARCH_PATHS = (
					"$(inherited)",
					"@executable_path/Frameworks",
				);
				MARKETING_VERSION = 1.0;
				PRODUCT_BUNDLE_IDENTIFIER = "com.DaniilShmoylove.Space-iOS";
				PRODUCT_NAME = "$(TARGET_NAME)";
				SWIFT_EMIT_LOC_STRINGS = YES;
				SWIFT_VERSION = 5.0;
				TARGETED_DEVICE_FAMILY = 1;
			};
			name = Release;
		};
/* End XCBuildConfiguration section */

/* Begin XCConfigurationList section */
		A5458EF52892EE85004ECF26 /* Build configuration list for PBXProject "News-iOS" */ = {
			isa = XCConfigurationList;
			buildConfigurations = (
				A5458F0F2892EE87004ECF26 /* Debug */,
				A5458F102892EE87004ECF26 /* Release */,
			);
			defaultConfigurationIsVisible = 0;
			defaultConfigurationName = Release;
		};
		A5458F112892EE87004ECF26 /* Build configuration list for PBXNativeTarget "News-iOS" */ = {
			isa = XCConfigurationList;
			buildConfigurations = (
				A5458F122892EE87004ECF26 /* Debug */,
				A5458F132892EE87004ECF26 /* Release */,
			);
			defaultConfigurationIsVisible = 0;
			defaultConfigurationName = Release;
		};
/* End XCConfigurationList section */

/* Begin XCRemoteSwiftPackageReference section */
		A50C1DE82899B492007E8656 /* XCRemoteSwiftPackageReference "Resolver" */ = {
			isa = XCRemoteSwiftPackageReference;
			repositoryURL = "https://github.com/hmlongco/Resolver";
			requirement = {
				kind = upToNextMajorVersion;
				minimumVersion = 1.0.0;
			};
		};
		A538677428970940007A5858 /* XCRemoteSwiftPackageReference "Alamofire" */ = {
			isa = XCRemoteSwiftPackageReference;
			repositoryURL = "https://github.com/Alamofire/Alamofire";
			requirement = {
				kind = upToNextMajorVersion;
				minimumVersion = 5.0.0;
			};
		};
		A563B39A28B5171A00E549E4 /* XCRemoteSwiftPackageReference "firebase-ios-sdk" */ = {
			isa = XCRemoteSwiftPackageReference;
			repositoryURL = "https://github.com/firebase/firebase-ios-sdk";
			requirement = {
				kind = upToNextMajorVersion;
				minimumVersion = 9.0.0;
			};
		};
		A5A3F76828A544B30056D4B7 /* XCRemoteSwiftPackageReference "Kingfisher" */ = {
			isa = XCRemoteSwiftPackageReference;
			repositoryURL = "https://github.com/onevcat/Kingfisher.git";
			requirement = {
				kind = upToNextMajorVersion;
				minimumVersion = 7.0.0;
			};
		};
		A5EF4AE628B9381C007148FF /* XCRemoteSwiftPackageReference "GoogleSignIn-iOS" */ = {
			isa = XCRemoteSwiftPackageReference;
			repositoryURL = "https://github.com/google/GoogleSignIn-iOS.git";
			requirement = {
				kind = upToNextMajorVersion;
				minimumVersion = 6.0.0;
			};
		};
/* End XCRemoteSwiftPackageReference section */

/* Begin XCSwiftPackageProductDependency section */
		A50C1DE92899B492007E8656 /* Resolver */ = {
			isa = XCSwiftPackageProductDependency;
			package = A50C1DE82899B492007E8656 /* XCRemoteSwiftPackageReference "Resolver" */;
			productName = Resolver;
		};
		A538677528970940007A5858 /* Alamofire */ = {
			isa = XCSwiftPackageProductDependency;
			package = A538677428970940007A5858 /* XCRemoteSwiftPackageReference "Alamofire" */;
			productName = Alamofire;
		};
		A563B39B28B5171A00E549E4 /* FirebaseAuth */ = {
			isa = XCSwiftPackageProductDependency;
			package = A563B39A28B5171A00E549E4 /* XCRemoteSwiftPackageReference "firebase-ios-sdk" */;
			productName = FirebaseAuth;
		};
		A563B39D28B5171A00E549E4 /* FirebaseAuthCombine-Community */ = {
			isa = XCSwiftPackageProductDependency;
			package = A563B39A28B5171A00E549E4 /* XCRemoteSwiftPackageReference "firebase-ios-sdk" */;
			productName = "FirebaseAuthCombine-Community";
		};
		A5A3F76928A544B30056D4B7 /* Kingfisher */ = {
			isa = XCSwiftPackageProductDependency;
			package = A5A3F76828A544B30056D4B7 /* XCRemoteSwiftPackageReference "Kingfisher" */;
			productName = Kingfisher;
		};
		A5EF4AE728B9381C007148FF /* GoogleSignIn */ = {
			isa = XCSwiftPackageProductDependency;
			package = A5EF4AE628B9381C007148FF /* XCRemoteSwiftPackageReference "GoogleSignIn-iOS" */;
			productName = GoogleSignIn;
		};
		A5EF4AE928B9381C007148FF /* GoogleSignInSwift */ = {
			isa = XCSwiftPackageProductDependency;
			package = A5EF4AE628B9381C007148FF /* XCRemoteSwiftPackageReference "GoogleSignIn-iOS" */;
			productName = GoogleSignInSwift;
		};
/* End XCSwiftPackageProductDependency section */

/* Begin XCVersionGroup section */
		A530D8D6289C2BC500D0A2B4 /* SpaceiOS.xcdatamodeld */ = {
			isa = XCVersionGroup;
			children = (
				A530D8D7289C2BC500D0A2B4 /* News_iOS.xcdatamodel */,
			);
			currentVersion = A530D8D7289C2BC500D0A2B4 /* News_iOS.xcdatamodel */;
			path = SpaceiOS.xcdatamodeld;
			sourceTree = "<group>";
			versionGroupType = wrapper.xcdatamodel;
		};
/* End XCVersionGroup section */
	};
	rootObject = A5458EF22892EE85004ECF26 /* Project object */;
}
